
Microsoft Visual Studio Solution File, Format Version 12.00
# Visual Studio Version 16
VisualStudioVersion = 16.0.31702.278
MinimumVisualStudioVersion = 10.0.40219.1
Project("{FAE04EC0-301F-11D3-BF4B-00C04F79EFBC}") = "VaR", "VaR\VaR.csproj", "{8D6D1D3A-B7A3-430A-84FA-FFFD1EB49227}"
EndProject
Global
	GlobalSection(SolutionConfigurationPlatforms) = preSolution
		Debug|Any CPU = Debug|Any CPU
		Release|Any CPU = Release|Any CPU
	EndGlobalSection
	GlobalSection(ProjectConfigurationPlatforms) = postSolution
		{8D6D1D3A-B7A3-430A-84FA-FFFD1EB49227}.Debug|Any CPU.ActiveCfg = Debug|Any CPU
		{8D6D1D3A-B7A3-430A-84FA-FFFD1EB49227}.Debug|Any CPU.Build.0 = Debug|Any CPU
		{8D6D1D3A-B7A3-430A-84FA-FFFD1EB49227}.Release|Any CPU.ActiveCfg = Release|Any CPU
		{8D6D1D3A-B7A3-430A-84FA-FFFD1EB49227}.Release|Any CPU.Build.0 = Release|Any CPU
	EndGlobalSection
	GlobalSection(SolutionProperties) = preSolution
		HideSolutionNode = FALSE
	EndGlobalSection
	GlobalSection(ExtensibilityGlobals) = postSolution
		SolutionGuid = {27DF0F4E-E01D-4893-8EC2-43603CA40276}
	EndGlobalSection
EndGlobal
